
Microsoft Visual Studio Solution File, Format Version 12.00
# Visual Studio Version 17
VisualStudioVersion = 17.5.33530.505
MinimumVisualStudioVersion = 10.0.40219.1
Project("{FAE04EC0-301F-11D3-BF4B-00C04F79EFBC}") = "TodoLibrary", "TodoLibrary\TodoLibrary.csproj", "{ADD88D28-36A5-4929-A0D2-381BA42512E3}"
EndProject
Project("{FAE04EC0-301F-11D3-BF4B-00C04F79EFBC}") = "TodoApi", "TodoApi\TodoApi.csproj", "{E1171783-F4DA-40A6-A2A2-D81B6DA7953C}"
EndProject
Global
	GlobalSection(SolutionConfigurationPlatforms) = preSolution
		Debug|Any CPU = Debug|Any CPU
		Release|Any CPU = Release|Any CPU
	EndGlobalSection
	GlobalSection(ProjectConfigurationPlatforms) = postSolution
		{ADD88D28-36A5-4929-A0D2-381BA42512E3}.Debug|Any CPU.ActiveCfg = Debug|Any CPU
		{ADD88D28-36A5-4929-A0D2-381BA42512E3}.Debug|Any CPU.Build.0 = Debug|Any CPU
		{ADD88D28-36A5-4929-A0D2-381BA42512E3}.Release|Any CPU.ActiveCfg = Release|Any CPU
		{ADD88D28-36A5-4929-A0D2-381BA42512E3}.Release|Any CPU.Build.0 = Release|Any CPU
		{E1171783-F4DA-40A6-A2A2-D81B6DA7953C}.Debug|Any CPU.ActiveCfg = Debug|Any CPU
		{E1171783-F4DA-40A6-A2A2-D81B6DA7953C}.Debug|Any CPU.Build.0 = Debug|Any CPU
		{E1171783-F4DA-40A6-A2A2-D81B6DA7953C}.Release|Any CPU.ActiveCfg = Release|Any CPU
		{E1171783-F4DA-40A6-A2A2-D81B6DA7953C}.Release|Any CPU.Build.0 = Release|Any CPU
	EndGlobalSection
	GlobalSection(SolutionProperties) = preSolution
		HideSolutionNode = FALSE
	EndGlobalSection
	GlobalSection(ExtensibilityGlobals) = postSolution
		SolutionGuid = {DA054D75-2C1E-40AB-8969-CC0D6090FDA8}
	EndGlobalSection
EndGlobal
